
Microsoft Visual Studio Solution File, Format Version 12.00
# Visual Studio Version 16
VisualStudioVersion = 16.0.34902.97
MinimumVisualStudioVersion = 10.0.40219.1
Project("{FAE04EC0-301F-11D3-BF4B-00C04F79EFBC}") = "ConvenienceStore", "ConvenienceStore\ConvenienceStore.csproj", "{880A35E4-2881-413B-A3D9-EA7904AAA30E}"
EndProject
Global
	GlobalSection(SolutionConfigurationPlatforms) = preSolution
		Debug|Any CPU = Debug|Any CPU
		Release|Any CPU = Release|Any CPU
	EndGlobalSection
	GlobalSection(ProjectConfigurationPlatforms) = postSolution
		{880A35E4-2881-413B-A3D9-EA7904AAA30E}.Debug|Any CPU.ActiveCfg = Debug|Any CPU
		{880A35E4-2881-413B-A3D9-EA7904AAA30E}.Debug|Any CPU.Build.0 = Debug|Any CPU
		{880A35E4-2881-413B-A3D9-EA7904AAA30E}.Release|Any CPU.ActiveCfg = Release|Any CPU
		{880A35E4-2881-413B-A3D9-EA7904AAA30E}.Release|Any CPU.Build.0 = Release|Any CPU
	EndGlobalSection
	GlobalSection(SolutionProperties) = preSolution
		HideSolutionNode = FALSE
	EndGlobalSection
	GlobalSection(ExtensibilityGlobals) = postSolution
		SolutionGuid = {A0538F22-97E4-4041-9034-3F3DB8D7C4C4}
	EndGlobalSection
EndGlobal
